// !$*UTF8*$!
{
	archiveVersion = 1;
	classes = {
	};
	objectVersion = 50;
	objects = {

/* Begin PBXBuildFile section */
		0974F372266FE16800697B89 /* CiceMoviesApp.swift in Sources */ = {isa = PBXBuildFile; fileRef = 0974F371266FE16800697B89 /* CiceMoviesApp.swift */; };
		0974F374266FE16800697B89 /* ContentView.swift in Sources */ = {isa = PBXBuildFile; fileRef = 0974F373266FE16800697B89 /* ContentView.swift */; };
		0974F376266FE16800697B89 /* Assets.xcassets in Resources */ = {isa = PBXBuildFile; fileRef = 0974F375266FE16800697B89 /* Assets.xcassets */; };
		0974F379266FE16800697B89 /* Preview Assets.xcassets in Resources */ = {isa = PBXBuildFile; fileRef = 0974F378266FE16800697B89 /* Preview Assets.xcassets */; };
		0974F388266FE74700697B89 /* HeaderComponent.swift in Sources */ = {isa = PBXBuildFile; fileRef = 0974F387266FE74700697B89 /* HeaderComponent.swift */; };
		0974F38B267144AF00697B89 /* ControlViews.swift in Sources */ = {isa = PBXBuildFile; fileRef = 0974F38A267144AF00697B89 /* ControlViews.swift */; };
		0974F38E267289FF00697B89 /* FashionContentView.swift in Sources */ = {isa = PBXBuildFile; fileRef = 0974F38D267289FF00697B89 /* FashionContentView.swift */; };
		0974F3912672A16500697B89 /* DetalleFashionContentView.swift in Sources */ = {isa = PBXBuildFile; fileRef = 0974F3902672A16500697B89 /* DetalleFashionContentView.swift */; };
		0974F3952673DF8800697B89 /* AppleMoviesModel.swift in Sources */ = {isa = PBXBuildFile; fileRef = 0974F3942673DF8800697B89 /* AppleMoviesModel.swift */; };
		0974F39D2673E0D900697B89 /* MoviesView.swift in Sources */ = {isa = PBXBuildFile; fileRef = 0974F39C2673E0D900697B89 /* MoviesView.swift */; };
		0974F3A12673E1C500697B89 /* RequestManager.swift in Sources */ = {isa = PBXBuildFile; fileRef = 0974F3A02673E1C500697B89 /* RequestManager.swift */; };
		0974F3A42673E1D600697B89 /* NetworkError.swift in Sources */ = {isa = PBXBuildFile; fileRef = 0974F3A32673E1D600697B89 /* NetworkError.swift */; };
		0974F3A72673E1FF00697B89 /* Utils.swift in Sources */ = {isa = PBXBuildFile; fileRef = 0974F3A62673E1FF00697B89 /* Utils.swift */; };
		0974F3AB2673E37600697B89 /* BaseVIP.swift in Sources */ = {isa = PBXBuildFile; fileRef = 0974F3AA2673E37600697B89 /* BaseVIP.swift */; };
		0974F3AE2673EBCE00697B89 /* MoviesPresenter.swift in Sources */ = {isa = PBXBuildFile; fileRef = 0974F3AD2673EBCE00697B89 /* MoviesPresenter.swift */; };
		0974F3B12673EC7200697B89 /* MoviesInteractor.swift in Sources */ = {isa = PBXBuildFile; fileRef = 0974F3B02673EC7200697B89 /* MoviesInteractor.swift */; };
		0974F3B42673EF5600697B89 /* MoviesCoordinator.swift in Sources */ = {isa = PBXBuildFile; fileRef = 0974F3B32673EF5600697B89 /* MoviesCoordinator.swift */; };
		0974F3B72673F41D00697B89 /* MoviesProvider.swift in Sources */ = {isa = PBXBuildFile; fileRef = 0974F3B62673F41D00697B89 /* MoviesProvider.swift */; };
		0974F3BA2676891300697B89 /* MenuResources.swift in Sources */ = {isa = PBXBuildFile; fileRef = 0974F3B92676891300697B89 /* MenuResources.swift */; };
		0974F3BF2677C6C500697B89 /* AppleMoviesViewModel.swift in Sources */ = {isa = PBXBuildFile; fileRef = 0974F3BE2677C6C500697B89 /* AppleMoviesViewModel.swift */; };
		0974F3C42677D00F00697B89 /* movies.json in Resources */ = {isa = PBXBuildFile; fileRef = 0974F3C32677D00F00697B89 /* movies.json */; };
		0974F3C92677D19300697B89 /* PosterCardArtworkView.swift in Sources */ = {isa = PBXBuildFile; fileRef = 0974F3C82677D19300697B89 /* PosterCardArtworkView.swift */; };
		0974F3CD2677EA4A00697B89 /* CarrouselPostArtView.swift in Sources */ = {isa = PBXBuildFile; fileRef = 0974F3CC2677EA4A00697B89 /* CarrouselPostArtView.swift */; };
		0974F3D02678DB0300697B89 /* ApplePodcastsModel.swift in Sources */ = {isa = PBXBuildFile; fileRef = 0974F3CF2678DB0300697B89 /* ApplePodcastsModel.swift */; };
		0974F3D32678E16E00697B89 /* ApplePodcastsViewModel.swift in Sources */ = {isa = PBXBuildFile; fileRef = 0974F3D22678E16E00697B89 /* ApplePodcastsViewModel.swift */; };
		0974F3D62678E5EA00697B89 /* PodcastCardView.swift in Sources */ = {isa = PBXBuildFile; fileRef = 0974F3D52678E5EA00697B89 /* PodcastCardView.swift */; };
/* End PBXBuildFile section */

/* Begin PBXFileReference section */
		0974F36E266FE16800697B89 /* CiceMovies.app */ = {isa = PBXFileReference; explicitFileType = wrapper.application; includeInIndex = 0; path = CiceMovies.app; sourceTree = BUILT_PRODUCTS_DIR; };
		0974F371266FE16800697B89 /* CiceMoviesApp.swift */ = {isa = PBXFileReference; lastKnownFileType = sourcecode.swift; path = CiceMoviesApp.swift; sourceTree = "<group>"; };
		0974F373266FE16800697B89 /* ContentView.swift */ = {isa = PBXFileReference; lastKnownFileType = sourcecode.swift; path = ContentView.swift; sourceTree = "<group>"; };
		0974F375266FE16800697B89 /* Assets.xcassets */ = {isa = PBXFileReference; lastKnownFileType = folder.assetcatalog; path = Assets.xcassets; sourceTree = "<group>"; };
		0974F378266FE16800697B89 /* Preview Assets.xcassets */ = {isa = PBXFileReference; lastKnownFileType = folder.assetcatalog; path = "Preview Assets.xcassets"; sourceTree = "<group>"; };
		0974F37A266FE16800697B89 /* Info.plist */ = {isa = PBXFileReference; lastKnownFileType = text.plist.xml; path = Info.plist; sourceTree = "<group>"; };
		0974F387266FE74700697B89 /* HeaderComponent.swift */ = {isa = PBXFileReference; lastKnownFileType = sourcecode.swift; path = HeaderComponent.swift; sourceTree = "<group>"; };
		0974F38A267144AF00697B89 /* ControlViews.swift */ = {isa = PBXFileReference; lastKnownFileType = sourcecode.swift; path = ControlViews.swift; sourceTree = "<group>"; };
		0974F38D267289FF00697B89 /* FashionContentView.swift */ = {isa = PBXFileReference; lastKnownFileType = sourcecode.swift; path = FashionContentView.swift; sourceTree = "<group>"; };
		0974F3902672A16500697B89 /* DetalleFashionContentView.swift */ = {isa = PBXFileReference; lastKnownFileType = sourcecode.swift; path = DetalleFashionContentView.swift; sourceTree = "<group>"; };
		0974F3942673DF8800697B89 /* AppleMoviesModel.swift */ = {isa = PBXFileReference; lastKnownFileType = sourcecode.swift; path = AppleMoviesModel.swift; sourceTree = "<group>"; };
		0974F39C2673E0D900697B89 /* MoviesView.swift */ = {isa = PBXFileReference; lastKnownFileType = sourcecode.swift; path = MoviesView.swift; sourceTree = "<group>"; };
		0974F3A02673E1C500697B89 /* RequestManager.swift */ = {isa = PBXFileReference; fileEncoding = 4; lastKnownFileType = sourcecode.swift; path = RequestManager.swift; sourceTree = "<group>"; };
		0974F3A32673E1D600697B89 /* NetworkError.swift */ = {isa = PBXFileReference; fileEncoding = 4; lastKnownFileType = sourcecode.swift; path = NetworkError.swift; sourceTree = "<group>"; };
		0974F3A62673E1FF00697B89 /* Utils.swift */ = {isa = PBXFileReference; fileEncoding = 4; lastKnownFileType = sourcecode.swift; path = Utils.swift; sourceTree = "<group>"; };
		0974F3AA2673E37600697B89 /* BaseVIP.swift */ = {isa = PBXFileReference; lastKnownFileType = sourcecode.swift; path = BaseVIP.swift; sourceTree = "<group>"; };
		0974F3AD2673EBCE00697B89 /* MoviesPresenter.swift */ = {isa = PBXFileReference; lastKnownFileType = sourcecode.swift; path = MoviesPresenter.swift; sourceTree = "<group>"; };
		0974F3B02673EC7200697B89 /* MoviesInteractor.swift */ = {isa = PBXFileReference; lastKnownFileType = sourcecode.swift; path = MoviesInteractor.swift; sourceTree = "<group>"; };
		0974F3B32673EF5600697B89 /* MoviesCoordinator.swift */ = {isa = PBXFileReference; lastKnownFileType = sourcecode.swift; path = MoviesCoordinator.swift; sourceTree = "<group>"; };
		0974F3B62673F41D00697B89 /* MoviesProvider.swift */ = {isa = PBXFileReference; lastKnownFileType = sourcecode.swift; path = MoviesProvider.swift; sourceTree = "<group>"; };
		0974F3B92676891300697B89 /* MenuResources.swift */ = {isa = PBXFileReference; lastKnownFileType = sourcecode.swift; path = MenuResources.swift; sourceTree = "<group>"; };
		0974F3BE2677C6C500697B89 /* AppleMoviesViewModel.swift */ = {isa = PBXFileReference; lastKnownFileType = sourcecode.swift; path = AppleMoviesViewModel.swift; sourceTree = "<group>"; };
		0974F3C32677D00F00697B89 /* movies.json */ = {isa = PBXFileReference; fileEncoding = 4; lastKnownFileType = text.json; path = movies.json; sourceTree = "<group>"; };
		0974F3C82677D19300697B89 /* PosterCardArtworkView.swift */ = {isa = PBXFileReference; lastKnownFileType = sourcecode.swift; path = PosterCardArtworkView.swift; sourceTree = "<group>"; };
		0974F3CC2677EA4A00697B89 /* CarrouselPostArtView.swift */ = {isa = PBXFileReference; lastKnownFileType = sourcecode.swift; path = CarrouselPostArtView.swift; sourceTree = "<group>"; };
		0974F3CF2678DB0300697B89 /* ApplePodcastsModel.swift */ = {isa = PBXFileReference; lastKnownFileType = sourcecode.swift; path = ApplePodcastsModel.swift; sourceTree = "<group>"; };
		0974F3D22678E16E00697B89 /* ApplePodcastsViewModel.swift */ = {isa = PBXFileReference; lastKnownFileType = sourcecode.swift; path = ApplePodcastsViewModel.swift; sourceTree = "<group>"; };
		0974F3D52678E5EA00697B89 /* PodcastCardView.swift */ = {isa = PBXFileReference; lastKnownFileType = sourcecode.swift; path = PodcastCardView.swift; sourceTree = "<group>"; };
/* End PBXFileReference section */

/* Begin PBXFrameworksBuildPhase section */
		0974F36B266FE16800697B89 /* Frameworks */ = {
			isa = PBXFrameworksBuildPhase;
			buildActionMask = 2147483647;
			files = (
			);
			runOnlyForDeploymentPostprocessing = 0;
		};
/* End PBXFrameworksBuildPhase section */

/* Begin PBXGroup section */
		0974F365266FE16800697B89 = {
			isa = PBXGroup;
			children = (
				0974F370266FE16800697B89 /* CiceMovies */,
				0974F36F266FE16800697B89 /* Products */,
			);
			sourceTree = "<group>";
		};
		0974F36F266FE16800697B89 /* Products */ = {
			isa = PBXGroup;
			children = (
				0974F36E266FE16800697B89 /* CiceMovies.app */,
			);
			name = Products;
			sourceTree = "<group>";
		};
		0974F370266FE16800697B89 /* CiceMovies */ = {
			isa = PBXGroup;
			children = (
				0974F3C12677CF7700697B89 /* SRC */,
				0974F3A92673E34F00697B89 /* BaseVIP */,
				0974F39F2673E1A000697B89 /* Managers */,
				0974F39A2673E0A000697B89 /* Modules */,
				0974F3932673DF5F00697B89 /* Models */,
				0974F381266FE6C900697B89 /* Components */,
				0974F371266FE16800697B89 /* CiceMoviesApp.swift */,
				0974F3982673E08400697B89 /* PracticeView */,
				0974F375266FE16800697B89 /* Assets.xcassets */,
				0974F37A266FE16800697B89 /* Info.plist */,
				0974F377266FE16800697B89 /* Preview Content */,
			);
			path = CiceMovies;
			sourceTree = "<group>";
		};
		0974F377266FE16800697B89 /* Preview Content */ = {
			isa = PBXGroup;
			children = (
				0974F378266FE16800697B89 /* Preview Assets.xcassets */,
			);
			path = "Preview Content";
			sourceTree = "<group>";
		};
		0974F381266FE6C900697B89 /* Components */ = {
			isa = PBXGroup;
			children = (
				0974F387266FE74700697B89 /* HeaderComponent.swift */,
				0974F3C82677D19300697B89 /* PosterCardArtworkView.swift */,
				0974F3CC2677EA4A00697B89 /* CarrouselPostArtView.swift */,
				0974F3D52678E5EA00697B89 /* PodcastCardView.swift */,
			);
			path = Components;
			sourceTree = "<group>";
		};
		0974F3932673DF5F00697B89 /* Models */ = {
			isa = PBXGroup;
			children = (
				0974F3942673DF8800697B89 /* AppleMoviesModel.swift */,
				0974F3CF2678DB0300697B89 /* ApplePodcastsModel.swift */,
			);
			path = Models;
			sourceTree = "<group>";
		};
		0974F3982673E08400697B89 /* PracticeView */ = {
			isa = PBXGroup;
			children = (
				0974F373266FE16800697B89 /* ContentView.swift */,
				0974F38A267144AF00697B89 /* ControlViews.swift */,
				0974F38D267289FF00697B89 /* FashionContentView.swift */,
				0974F3902672A16500697B89 /* DetalleFashionContentView.swift */,
				0974F3B92676891300697B89 /* MenuResources.swift */,
			);
			path = PracticeView;
			sourceTree = "<group>";
		};
		0974F39A2673E0A000697B89 /* Modules */ = {
			isa = PBXGroup;
			children = (
				0974F39B2673E0C300697B89 /* MoviesView */,
			);
			path = Modules;
			sourceTree = "<group>";
		};
		0974F39B2673E0C300697B89 /* MoviesView */ = {
			isa = PBXGroup;
			children = (
				0974F3BC2677C59B00697B89 /* Infraestructure */,
				0974F39C2673E0D900697B89 /* MoviesView.swift */,
				0974F3AD2673EBCE00697B89 /* MoviesPresenter.swift */,
				0974F3B02673EC7200697B89 /* MoviesInteractor.swift */,
			);
			path = MoviesView;
			sourceTree = "<group>";
		};
		0974F39F2673E1A000697B89 /* Managers */ = {
			isa = PBXGroup;
			children = (
				0974F3A02673E1C500697B89 /* RequestManager.swift */,
				0974F3A32673E1D600697B89 /* NetworkError.swift */,
				0974F3A62673E1FF00697B89 /* Utils.swift */,
			);
			path = Managers;
			sourceTree = "<group>";
		};
		0974F3A92673E34F00697B89 /* BaseVIP */ = {
			isa = PBXGroup;
			children = (
				0974F3AA2673E37600697B89 /* BaseVIP.swift */,
			);
			path = BaseVIP;
			sourceTree = "<group>";
		};
		0974F3BC2677C59B00697B89 /* Infraestructure */ = {
			isa = PBXGroup;
			children = (
				0974F3BD2677C6A600697B89 /* ViewModel */,
				0974F3B32673EF5600697B89 /* MoviesCoordinator.swift */,
				0974F3B62673F41D00697B89 /* MoviesProvider.swift */,
			);
			path = Infraestructure;
			sourceTree = "<group>";
		};
		0974F3BD2677C6A600697B89 /* ViewModel */ = {
			isa = PBXGroup;
			children = (
				0974F3BE2677C6C500697B89 /* AppleMoviesViewModel.swift */,
				0974F3D22678E16E00697B89 /* ApplePodcastsViewModel.swift */,
			);
			path = ViewModel;
			sourceTree = "<group>";
		};
		0974F3C12677CF7700697B89 /* SRC */ = {
			isa = PBXGroup;
			children = (
				0974F3C32677D00F00697B89 /* movies.json */,
			);
			path = SRC;
			sourceTree = "<group>";
		};
/* End PBXGroup section */

/* Begin PBXNativeTarget section */
		0974F36D266FE16800697B89 /* CiceMovies */ = {
			isa = PBXNativeTarget;
			buildConfigurationList = 0974F37D266FE16800697B89 /* Build configuration list for PBXNativeTarget "CiceMovies" */;
			buildPhases = (
				0974F36A266FE16800697B89 /* Sources */,
				0974F36B266FE16800697B89 /* Frameworks */,
				0974F36C266FE16800697B89 /* Resources */,
			);
			buildRules = (
			);
			dependencies = (
			);
			name = CiceMovies;
			productName = CiceMovies;
			productReference = 0974F36E266FE16800697B89 /* CiceMovies.app */;
			productType = "com.apple.product-type.application";
		};
/* End PBXNativeTarget section */

/* Begin PBXProject section */
		0974F366266FE16800697B89 /* Project object */ = {
			isa = PBXProject;
			attributes = {
				LastSwiftUpdateCheck = 1230;
				LastUpgradeCheck = 1230;
				TargetAttributes = {
					0974F36D266FE16800697B89 = {
						CreatedOnToolsVersion = 12.3;
					};
				};
			};
			buildConfigurationList = 0974F369266FE16800697B89 /* Build configuration list for PBXProject "CiceMovies" */;
			compatibilityVersion = "Xcode 9.3";
			developmentRegion = en;
			hasScannedForEncodings = 0;
			knownRegions = (
				en,
				Base,
			);
			mainGroup = 0974F365266FE16800697B89;
			productRefGroup = 0974F36F266FE16800697B89 /* Products */;
			projectDirPath = "";
			projectRoot = "";
			targets = (
				0974F36D266FE16800697B89 /* CiceMovies */,
			);
		};
/* End PBXProject section */

/* Begin PBXResourcesBuildPhase section */
		0974F36C266FE16800697B89 /* Resources */ = {
			isa = PBXResourcesBuildPhase;
			buildActionMask = 2147483647;
			files = (
				0974F3C42677D00F00697B89 /* movies.json in Resources */,
				0974F379266FE16800697B89 /* Preview Assets.xcassets in Resources */,
				0974F376266FE16800697B89 /* Assets.xcassets in Resources */,
			);
			runOnlyForDeploymentPostprocessing = 0;
		};
/* End PBXResourcesBuildPhase section */

/* Begin PBXSourcesBuildPhase section */
		0974F36A266FE16800697B89 /* Sources */ = {
			isa = PBXSourcesBuildPhase;
			buildActionMask = 2147483647;
			files = (
				0974F38B267144AF00697B89 /* ControlViews.swift in Sources */,
				0974F39D2673E0D900697B89 /* MoviesView.swift in Sources */,
				0974F3AB2673E37600697B89 /* BaseVIP.swift in Sources */,
				0974F3B42673EF5600697B89 /* MoviesCoordinator.swift in Sources */,
				0974F3BF2677C6C500697B89 /* AppleMoviesViewModel.swift in Sources */,
				0974F3B12673EC7200697B89 /* MoviesInteractor.swift in Sources */,
				0974F388266FE74700697B89 /* HeaderComponent.swift in Sources */,
				0974F38E267289FF00697B89 /* FashionContentView.swift in Sources */,
				0974F3C92677D19300697B89 /* PosterCardArtworkView.swift in Sources */,
				0974F3952673DF8800697B89 /* AppleMoviesModel.swift in Sources */,
				0974F374266FE16800697B89 /* ContentView.swift in Sources */,
				0974F3D62678E5EA00697B89 /* PodcastCardView.swift in Sources */,
				0974F3A12673E1C500697B89 /* RequestManager.swift in Sources */,
				0974F3AE2673EBCE00697B89 /* MoviesPresenter.swift in Sources */,
				0974F3A72673E1FF00697B89 /* Utils.swift in Sources */,
				0974F3D32678E16E00697B89 /* ApplePodcastsViewModel.swift in Sources */,
				0974F3BA2676891300697B89 /* MenuResources.swift in Sources */,
				0974F372266FE16800697B89 /* CiceMoviesApp.swift in Sources */,
				0974F3B72673F41D00697B89 /* MoviesProvider.swift in Sources */,
				0974F3CD2677EA4A00697B89 /* CarrouselPostArtView.swift in Sources */,
				0974F3912672A16500697B89 /* DetalleFashionContentView.swift in Sources */,
				0974F3D02678DB0300697B89 /* ApplePodcastsModel.swift in Sources */,
				0974F3A42673E1D600697B89 /* NetworkError.swift in Sources */,
			);
			runOnlyForDeploymentPostprocessing = 0;
		};
/* End PBXSourcesBuildPhase section */

/* Begin XCBuildConfiguration section */
		0974F37B266FE16800697B89 /* Debug */ = {
			isa = XCBuildConfiguration;
			buildSettings = {
				ALWAYS_SEARCH_USER_PATHS = NO;
				CLANG_ANALYZER_NONNULL = YES;
				CLANG_ANALYZER_NUMBER_OBJECT_CONVERSION = YES_AGGRESSIVE;
				CLANG_CXX_LANGUAGE_STANDARD = "gnu++14";
				CLANG_CXX_LIBRARY = "libc++";
				CLANG_ENABLE_MODULES = YES;
				CLANG_ENABLE_OBJC_ARC = YES;
				CLANG_ENABLE_OBJC_WEAK = YES;
				CLANG_WARN_BLOCK_CAPTURE_AUTORELEASING = YES;
				CLANG_WARN_BOOL_CONVERSION = YES;
				CLANG_WARN_COMMA = YES;
				CLANG_WARN_CONSTANT_CONVERSION = YES;
				CLANG_WARN_DEPRECATED_OBJC_IMPLEMENTATIONS = YES;
				CLANG_WARN_DIRECT_OBJC_ISA_USAGE = YES_ERROR;
				CLANG_WARN_DOCUMENTATION_COMMENTS = YES;
				CLANG_WARN_EMPTY_BODY = YES;
				CLANG_WARN_ENUM_CONVERSION = YES;
				CLANG_WARN_INFINITE_RECURSION = YES;
				CLANG_WARN_INT_CONVERSION = YES;
				CLANG_WARN_NON_LITERAL_NULL_CONVERSION = YES;
				CLANG_WARN_OBJC_IMPLICIT_RETAIN_SELF = YES;
				CLANG_WARN_OBJC_LITERAL_CONVERSION = YES;
				CLANG_WARN_OBJC_ROOT_CLASS = YES_ERROR;
				CLANG_WARN_QUOTED_INCLUDE_IN_FRAMEWORK_HEADER = YES;
				CLANG_WARN_RANGE_LOOP_ANALYSIS = YES;
				CLANG_WARN_STRICT_PROTOTYPES = YES;
				CLANG_WARN_SUSPICIOUS_MOVE = YES;
				CLANG_WARN_UNGUARDED_AVAILABILITY = YES_AGGRESSIVE;
				CLANG_WARN_UNREACHABLE_CODE = YES;
				CLANG_WARN__DUPLICATE_METHOD_MATCH = YES;
				COPY_PHASE_STRIP = NO;
				DEBUG_INFORMATION_FORMAT = dwarf;
				ENABLE_STRICT_OBJC_MSGSEND = YES;
				ENABLE_TESTABILITY = YES;
				GCC_C_LANGUAGE_STANDARD = gnu11;
				GCC_DYNAMIC_NO_PIC = NO;
				GCC_NO_COMMON_BLOCKS = YES;
				GCC_OPTIMIZATION_LEVEL = 0;
				GCC_PREPROCESSOR_DEFINITIONS = (
					"DEBUG=1",
					"$(inherited)",
				);
				GCC_WARN_64_TO_32_BIT_CONVERSION = YES;
				GCC_WARN_ABOUT_RETURN_TYPE = YES_ERROR;
				GCC_WARN_UNDECLARED_SELECTOR = YES;
				GCC_WARN_UNINITIALIZED_AUTOS = YES_AGGRESSIVE;
				GCC_WARN_UNUSED_FUNCTION = YES;
				GCC_WARN_UNUSED_VARIABLE = YES;
				IPHONEOS_DEPLOYMENT_TARGET = 14.3;
				MTL_ENABLE_DEBUG_INFO = INCLUDE_SOURCE;
				MTL_FAST_MATH = YES;
				ONLY_ACTIVE_ARCH = YES;
				SDKROOT = iphoneos;
				SWIFT_ACTIVE_COMPILATION_CONDITIONS = DEBUG;
				SWIFT_OPTIMIZATION_LEVEL = "-Onone";
			};
			name = Debug;
		};
		0974F37C266FE16800697B89 /* Release */ = {
			isa = XCBuildConfiguration;
			buildSettings = {
				ALWAYS_SEARCH_USER_PATHS = NO;
				CLANG_ANALYZER_NONNULL = YES;
				CLANG_ANALYZER_NUMBER_OBJECT_CONVERSION = YES_AGGRESSIVE;
				CLANG_CXX_LANGUAGE_STANDARD = "gnu++14";
				CLANG_CXX_LIBRARY = "libc++";
				CLANG_ENABLE_MODULES = YES;
				CLANG_ENABLE_OBJC_ARC = YES;
				CLANG_ENABLE_OBJC_WEAK = YES;
				CLANG_WARN_BLOCK_CAPTURE_AUTORELEASING = YES;
				CLANG_WARN_BOOL_CONVERSION = YES;
				CLANG_WARN_COMMA = YES;
				CLANG_WARN_CONSTANT_CONVERSION = YES;
				CLANG_WARN_DEPRECATED_OBJC_IMPLEMENTATIONS = YES;
				CLANG_WARN_DIRECT_OBJC_ISA_USAGE = YES_ERROR;
				CLANG_WARN_DOCUMENTATION_COMMENTS = YES;
				CLANG_WARN_EMPTY_BODY = YES;
				CLANG_WARN_ENUM_CONVERSION = YES;
				CLANG_WARN_INFINITE_RECURSION = YES;
				CLANG_WARN_INT_CONVERSION = YES;
				CLANG_WARN_NON_LITERAL_NULL_CONVERSION = YES;
				CLANG_WARN_OBJC_IMPLICIT_RETAIN_SELF = YES;
				CLANG_WARN_OBJC_LITERAL_CONVERSION = YES;
				CLANG_WARN_OBJC_ROOT_CLASS = YES_ERROR;
				CLANG_WARN_QUOTED_INCLUDE_IN_FRAMEWORK_HEADER = YES;
				CLANG_WARN_RANGE_LOOP_ANALYSIS = YES;
				CLANG_WARN_STRICT_PROTOTYPES = YES;
				CLANG_WARN_SUSPICIOUS_MOVE = YES;
				CLANG_WARN_UNGUARDED_AVAILABILITY = YES_AGGRESSIVE;
				CLANG_WARN_UNREACHABLE_CODE = YES;
				CLANG_WARN__DUPLICATE_METHOD_MATCH = YES;
				COPY_PHASE_STRIP = NO;
				DEBUG_INFORMATION_FORMAT = "dwarf-with-dsym";
				ENABLE_NS_ASSERTIONS = NO;
				ENABLE_STRICT_OBJC_MSGSEND = YES;
				GCC_C_LANGUAGE_STANDARD = gnu11;
				GCC_NO_COMMON_BLOCKS = YES;
				GCC_WARN_64_TO_32_BIT_CONVERSION = YES;
				GCC_WARN_ABOUT_RETURN_TYPE = YES_ERROR;
				GCC_WARN_UNDECLARED_SELECTOR = YES;
				GCC_WARN_UNINITIALIZED_AUTOS = YES_AGGRESSIVE;
				GCC_WARN_UNUSED_FUNCTION = YES;
				GCC_WARN_UNUSED_VARIABLE = YES;
				IPHONEOS_DEPLOYMENT_TARGET = 14.3;
				MTL_ENABLE_DEBUG_INFO = NO;
				MTL_FAST_MATH = YES;
				SDKROOT = iphoneos;
				SWIFT_COMPILATION_MODE = wholemodule;
				SWIFT_OPTIMIZATION_LEVEL = "-O";
				VALIDATE_PRODUCT = YES;
			};
			name = Release;
		};
		0974F37E266FE16800697B89 /* Debug */ = {
			isa = XCBuildConfiguration;
			buildSettings = {
				ASSETCATALOG_COMPILER_APPICON_NAME = AppIcon;
				ASSETCATALOG_COMPILER_GLOBAL_ACCENT_COLOR_NAME = AccentColor;
				CODE_SIGN_STYLE = Automatic;
				DEVELOPMENT_ASSET_PATHS = "\"CiceMovies/Preview Content\"";
				ENABLE_PREVIEWS = YES;
				INFOPLIST_FILE = CiceMovies/Info.plist;
				IPHONEOS_DEPLOYMENT_TARGET = 14.0;
				LD_RUNPATH_SEARCH_PATHS = (
					"$(inherited)",
					"@executable_path/Frameworks",
				);
				PRODUCT_BUNDLE_IDENTIFIER = com.cice.IOS.CiceMovies;
				PRODUCT_NAME = "$(TARGET_NAME)";
				SWIFT_VERSION = 5.0;
				TARGETED_DEVICE_FAMILY = "1,2";
			};
			name = Debug;
		};
		0974F37F266FE16800697B89 /* Release */ = {
			isa = XCBuildConfiguration;
			buildSettings = {
				ASSETCATALOG_COMPILER_APPICON_NAME = AppIcon;
				ASSETCATALOG_COMPILER_GLOBAL_ACCENT_COLOR_NAME = AccentColor;
				CODE_SIGN_STYLE = Automatic;
				DEVELOPMENT_ASSET_PATHS = "\"CiceMovies/Preview Content\"";
				ENABLE_PREVIEWS = YES;
				INFOPLIST_FILE = CiceMovies/Info.plist;
				IPHONEOS_DEPLOYMENT_TARGET = 14.0;
				LD_RUNPATH_SEARCH_PATHS = (
					"$(inherited)",
					"@executable_path/Frameworks",
				);
				PRODUCT_BUNDLE_IDENTIFIER = com.cice.IOS.CiceMovies;
				PRODUCT_NAME = "$(TARGET_NAME)";
				SWIFT_VERSION = 5.0;
				TARGETED_DEVICE_FAMILY = "1,2";
			};
			name = Release;
		};
/* End XCBuildConfiguration section */

/* Begin XCConfigurationList section */
		0974F369266FE16800697B89 /* Build configuration list for PBXProject "CiceMovies" */ = {
			isa = XCConfigurationList;
			buildConfigurations = (
				0974F37B266FE16800697B89 /* Debug */,
				0974F37C266FE16800697B89 /* Release */,
			);
			defaultConfigurationIsVisible = 0;
			defaultConfigurationName = Release;
		};
		0974F37D266FE16800697B89 /* Build configuration list for PBXNativeTarget "CiceMovies" */ = {
			isa = XCConfigurationList;
			buildConfigurations = (
				0974F37E266FE16800697B89 /* Debug */,
				0974F37F266FE16800697B89 /* Release */,
			);
			defaultConfigurationIsVisible = 0;
			defaultConfigurationName = Release;
		};
/* End XCConfigurationList section */
	};
	rootObject = 0974F366266FE16800697B89 /* Project object */;
}
